
Microsoft Visual Studio Solution File, Format Version 12.00
# Visual Studio Version 17
VisualStudioVersion = 17.0.32126.317
MinimumVisualStudioVersion = 10.0.40219.1
Project("{9A19103F-16F7-4668-BE54-9A1E7A4F7556}") = "SCJ.Booking.MVC", "app\SCJ.Booking.MVC.csproj", "{9C011224-85D0-4A6D-934A-E0F6B10F967A}"
EndProject
Project("{9A19103F-16F7-4668-BE54-9A1E7A4F7556}") = "SCJ.Booking.UnitTest", "test\SCJ.Booking.UnitTest.csproj", "{658A7C9D-0D4B-44D7-8011-DFC1B039EAA5}"
EndProject
Project("{9A19103F-16F7-4668-BE54-9A1E7A4F7556}") = "SCJ.Booking.RemoteAPIs", "webservices\SCJ.Booking.RemoteAPIs.csproj", "{2C312DB6-D5DD-4305-AED3-CA5B7AE4F1A0}"
EndProject
Project("{2150E333-8FDC-42A3-9474-1A3956D46DE8}") = "openshift", "openshift", "{AEF1ACED-53A1-4918-94A3-763BC248419A}"
EndProject
Project("{2150E333-8FDC-42A3-9474-1A3956D46DE8}") = "templates", "templates", "{1AC25311-40B4-4AC6-A8FB-5793D5A11C6F}"
	ProjectSection(SolutionItems) = preProject
		openshift\templates\scj-booking\scj-booking-build.yaml = openshift\templates\scj-booking\scj-booking-build.yaml
		openshift\templates\scj-booking\scj-booking-deploy.yaml = openshift\templates\scj-booking\scj-booking-deploy.yaml
	EndProjectSection
EndProject
Project("{9A19103F-16F7-4668-BE54-9A1E7A4F7556}") = "SCJ.Booking.Data", "database\SCJ.Booking.Data.csproj", "{B0621E37-FF9F-41CE-9392-18A5655ABC23}"
EndProject
Project("{9A19103F-16F7-4668-BE54-9A1E7A4F7556}") = "SCJ.Booking.TaskManager", "service\SCJ.Booking.TaskManager.csproj", "{C9827C16-2A98-4117-AC6E-B3723CCC25E7}"
EndProject
Global
	GlobalSection(SolutionConfigurationPlatforms) = preSolution
		Debug|Any CPU = Debug|Any CPU
		Release|Any CPU = Release|Any CPU
	EndGlobalSection
	GlobalSection(ProjectConfigurationPlatforms) = postSolution
		{9C011224-85D0-4A6D-934A-E0F6B10F967A}.Debug|Any CPU.ActiveCfg = Debug|Any CPU
		{9C011224-85D0-4A6D-934A-E0F6B10F967A}.Debug|Any CPU.Build.0 = Debug|Any CPU
		{9C011224-85D0-4A6D-934A-E0F6B10F967A}.Release|Any CPU.ActiveCfg = Release|Any CPU
		{9C011224-85D0-4A6D-934A-E0F6B10F967A}.Release|Any CPU.Build.0 = Release|Any CPU
		{658A7C9D-0D4B-44D7-8011-DFC1B039EAA5}.Debug|Any CPU.ActiveCfg = Debug|Any CPU
		{658A7C9D-0D4B-44D7-8011-DFC1B039EAA5}.Debug|Any CPU.Build.0 = Debug|Any CPU
		{658A7C9D-0D4B-44D7-8011-DFC1B039EAA5}.Release|Any CPU.ActiveCfg = Release|Any CPU
		{658A7C9D-0D4B-44D7-8011-DFC1B039EAA5}.Release|Any CPU.Build.0 = Release|Any CPU
		{2C312DB6-D5DD-4305-AED3-CA5B7AE4F1A0}.Debug|Any CPU.ActiveCfg = Debug|Any CPU
		{2C312DB6-D5DD-4305-AED3-CA5B7AE4F1A0}.Debug|Any CPU.Build.0 = Debug|Any CPU
		{2C312DB6-D5DD-4305-AED3-CA5B7AE4F1A0}.Release|Any CPU.ActiveCfg = Release|Any CPU
		{2C312DB6-D5DD-4305-AED3-CA5B7AE4F1A0}.Release|Any CPU.Build.0 = Release|Any CPU
		{B0621E37-FF9F-41CE-9392-18A5655ABC23}.Debug|Any CPU.ActiveCfg = Debug|Any CPU
		{B0621E37-FF9F-41CE-9392-18A5655ABC23}.Debug|Any CPU.Build.0 = Debug|Any CPU
		{B0621E37-FF9F-41CE-9392-18A5655ABC23}.Release|Any CPU.ActiveCfg = Release|Any CPU
		{B0621E37-FF9F-41CE-9392-18A5655ABC23}.Release|Any CPU.Build.0 = Release|Any CPU
		{C9827C16-2A98-4117-AC6E-B3723CCC25E7}.Debug|Any CPU.ActiveCfg = Debug|Any CPU
		{C9827C16-2A98-4117-AC6E-B3723CCC25E7}.Debug|Any CPU.Build.0 = Debug|Any CPU
		{C9827C16-2A98-4117-AC6E-B3723CCC25E7}.Release|Any CPU.ActiveCfg = Release|Any CPU
		{C9827C16-2A98-4117-AC6E-B3723CCC25E7}.Release|Any CPU.Build.0 = Release|Any CPU
	EndGlobalSection
	GlobalSection(SolutionProperties) = preSolution
		HideSolutionNode = FALSE
	EndGlobalSection
	GlobalSection(NestedProjects) = preSolution
		{1AC25311-40B4-4AC6-A8FB-5793D5A11C6F} = {AEF1ACED-53A1-4918-94A3-763BC248419A}
	EndGlobalSection
	GlobalSection(ExtensibilityGlobals) = postSolution
		SolutionGuid = {50F1E2EC-5F23-4CF7-95BF-CD102A2A23FF}
	EndGlobalSection
EndGlobal
