
Microsoft Visual Studio Solution File, Format Version 12.00
# Visual Studio 15
VisualStudioVersion = 15.0.28307.136
MinimumVisualStudioVersion = 10.0.40219.1
Project("{9A19103F-16F7-4668-BE54-9A1E7A4F7556}") = "app", "app\app.csproj", "{9C011224-85D0-4A6D-934A-E0F6B10F967A}"
EndProject
Project("{9A19103F-16F7-4668-BE54-9A1E7A4F7556}") = "webservices", "webservices\webservices.csproj", "{B4C026E6-60B7-4FA6-B7F1-D48D908612EA}"
EndProject
Project("{2150E333-8FDC-42A3-9474-1A3956D46DE8}") = "Solution Items", "Solution Items", "{FF289934-6146-4C6D-AC51-EFFA2BA674A4}"
	ProjectSection(SolutionItems) = preProject
		openshift\templates\scj-booking-build.json = openshift\templates\scj-booking-build.json
		openshift\templates\scj-booking-deploy.json = openshift\templates\scj-booking-deploy.json
		Solution Items\SCJ_SC_OnlineBooking.wsdl = Solution Items\SCJ_SC_OnlineBooking.wsdl
	EndProjectSection
EndProject
Project("{9A19103F-16F7-4668-BE54-9A1E7A4F7556}") = "test", "test\test.csproj", "{658A7C9D-0D4B-44D7-8011-DFC1B039EAA5}"
EndProject
Global
	GlobalSection(SolutionConfigurationPlatforms) = preSolution
		Debug|Any CPU = Debug|Any CPU
		Release|Any CPU = Release|Any CPU
	EndGlobalSection
	GlobalSection(ProjectConfigurationPlatforms) = postSolution
		{9C011224-85D0-4A6D-934A-E0F6B10F967A}.Debug|Any CPU.ActiveCfg = Debug|Any CPU
		{9C011224-85D0-4A6D-934A-E0F6B10F967A}.Debug|Any CPU.Build.0 = Debug|Any CPU
		{9C011224-85D0-4A6D-934A-E0F6B10F967A}.Release|Any CPU.ActiveCfg = Release|Any CPU
		{9C011224-85D0-4A6D-934A-E0F6B10F967A}.Release|Any CPU.Build.0 = Release|Any CPU
		{B4C026E6-60B7-4FA6-B7F1-D48D908612EA}.Debug|Any CPU.ActiveCfg = Debug|Any CPU
		{B4C026E6-60B7-4FA6-B7F1-D48D908612EA}.Debug|Any CPU.Build.0 = Debug|Any CPU
		{B4C026E6-60B7-4FA6-B7F1-D48D908612EA}.Release|Any CPU.ActiveCfg = Release|Any CPU
		{B4C026E6-60B7-4FA6-B7F1-D48D908612EA}.Release|Any CPU.Build.0 = Release|Any CPU
		{658A7C9D-0D4B-44D7-8011-DFC1B039EAA5}.Debug|Any CPU.ActiveCfg = Debug|Any CPU
		{658A7C9D-0D4B-44D7-8011-DFC1B039EAA5}.Debug|Any CPU.Build.0 = Debug|Any CPU
		{658A7C9D-0D4B-44D7-8011-DFC1B039EAA5}.Release|Any CPU.ActiveCfg = Release|Any CPU
		{658A7C9D-0D4B-44D7-8011-DFC1B039EAA5}.Release|Any CPU.Build.0 = Release|Any CPU
	EndGlobalSection
	GlobalSection(SolutionProperties) = preSolution
		HideSolutionNode = FALSE
	EndGlobalSection
	GlobalSection(ExtensibilityGlobals) = postSolution
		SolutionGuid = {0A8990CB-7683-4D54-A4E2-5524E8D482FE}
	EndGlobalSection
EndGlobal
